<?xml version="1.0" encoding="utf-8"?>
<Project ToolsVersion="4.0" xmlns="http://schemas.microsoft.com/developer/msbuild/2003">
  <ItemGroup>
    <Filter Include="Startup">
      <UniqueIdentifier>{639c7979-9f16-497e-a092-4d9e1c39eada}</UniqueIdentifier>
    </Filter>
    <Filter Include="Stub">
      <UniqueIdentifier>{856b50e9-8983-48ba-a99c-ec83d44b8086}</UniqueIdentifier>
    </Filter>
    <Filter Include="Misc">
      <UniqueIdentifier>{12a62ac2-7fdd-42d8-a1a3-019f201fa8fb}</UniqueIdentifier>
    </Filter>
    <Filter Include="VCRT">
      <UniqueIdentifier>{09b9918b-4716-4fdc-89bb-28dfa415a3f9}</UniqueIdentifier>
    </Filter>
  </ItemGroup>
  <ItemGroup>
    <None Include="NtCRT.inl" />
    <None Include="Misc\Func.inl">
      <Filter>Misc</Filter>
    </None>
    <None Include="VCRT\VCRT.inl">
      <Filter>VCRT</Filter>
    </None>
    <None Include="PolyFill.inl" />
    <None Include="Heap.inl" />
    <None Include="Lowio.inl" />
    <None Include="Internal.inl" />
    <None Include="Stdio.inl" />
    <None Include="packages.config" />
  </ItemGroup>
  <ItemGroup>
    <ClCompile Include="KNSoft.NtCRT.cpp" />
  </ItemGroup>
  <ItemGroup>
    <ClInclude Include="Stub\corecrt_internal_ffs.h">
      <Filter>Stub</Filter>
    </ClInclude>
    <ClInclude Include="Stub\corecrt_internal_state_isolation.h">
      <Filter>Stub</Filter>
    </ClInclude>
  </ItemGroup>
</Project>